
Microsoft Visual Studio Solution File, Format Version 12.00
# Visual Studio 14
VisualStudioVersion = 14.0.25420.1
MinimumVisualStudioVersion = 10.0.40219.1
Project("{FAE04EC0-301F-11D3-BF4B-00C04F79EFBC}") = "Stocks", "Stock\Stocks.csproj", "{21B33BD2-72D0-4C66-BFB0-EF6DE1A4CBD1}"
EndProject
Project("{FAE04EC0-301F-11D3-BF4B-00C04F79EFBC}") = "UnitTestProject1", "UnitTestProject1\UnitTestProject1.csproj", "{474A325B-071E-494F-9B7C-08E1174E3C53}"
EndProject
Global
	GlobalSection(SolutionConfigurationPlatforms) = preSolution
		Debug|Any CPU = Debug|Any CPU
		Release|Any CPU = Release|Any CPU
	EndGlobalSection
	GlobalSection(ProjectConfigurationPlatforms) = postSolution
		{21B33BD2-72D0-4C66-BFB0-EF6DE1A4CBD1}.Debug|Any CPU.ActiveCfg = Debug|Any CPU
		{21B33BD2-72D0-4C66-BFB0-EF6DE1A4CBD1}.Debug|Any CPU.Build.0 = Debug|Any CPU
		{21B33BD2-72D0-4C66-BFB0-EF6DE1A4CBD1}.Release|Any CPU.ActiveCfg = Release|Any CPU
		{21B33BD2-72D0-4C66-BFB0-EF6DE1A4CBD1}.Release|Any CPU.Build.0 = Release|Any CPU
		{474A325B-071E-494F-9B7C-08E1174E3C53}.Debug|Any CPU.ActiveCfg = Debug|Any CPU
		{474A325B-071E-494F-9B7C-08E1174E3C53}.Debug|Any CPU.Build.0 = Debug|Any CPU
		{474A325B-071E-494F-9B7C-08E1174E3C53}.Release|Any CPU.ActiveCfg = Release|Any CPU
		{474A325B-071E-494F-9B7C-08E1174E3C53}.Release|Any CPU.Build.0 = Release|Any CPU
	EndGlobalSection
	GlobalSection(SolutionProperties) = preSolution
		HideSolutionNode = FALSE
	EndGlobalSection
EndGlobal
